github.com/mactsouk/g_v v1.0.0 h1:SukIYOia6OJ5kmpJSRIx1az/GBUhqjQDUJyUqNsqajw=
github.com/mactsouk/g_v v1.0.0/go.mod h1:jhIn1+Cg1xGP69T6h1b5P6JaslbkOzzvDHNj1AvKSc4=
github.com/mactsouk/g_v/v2 v2.0.0 h1:61JGQTMxjaHvweKeXH4sNR1lgndfxM09Voom05JV5bQ=
github.com/mactsouk/g_v/v2 v2.0.0/go.mod h1:hcq/dC4diERaRADVbc02SklZvEqI/UgcKaUcZLUErZ8=
